
Microsoft Visual Studio Solution File, Format Version 12.00
# Visual Studio Version 17
VisualStudioVersion = 17.0.31912.275
MinimumVisualStudioVersion = 10.0.40219.1
Project("{FAE04EC0-301F-11D3-BF4B-00C04F79EFBC}") = "Logica", "Logica\Logica.csproj", "{AF058B75-8972-42CB-B6B9-A7408C8C6760}"
EndProject
Project("{FAE04EC0-301F-11D3-BF4B-00C04F79EFBC}") = "Entidades", "Entidades\Entidades.csproj", "{1AA1252A-DFE9-478D-92AD-F6316C0CDDD3}"
EndProject
Global
	GlobalSection(SolutionConfigurationPlatforms) = preSolution
		Debug|Any CPU = Debug|Any CPU
		Release|Any CPU = Release|Any CPU
	EndGlobalSection
	GlobalSection(ProjectConfigurationPlatforms) = postSolution
		{AF058B75-8972-42CB-B6B9-A7408C8C6760}.Debug|Any CPU.ActiveCfg = Debug|Any CPU
		{AF058B75-8972-42CB-B6B9-A7408C8C6760}.Debug|Any CPU.Build.0 = Debug|Any CPU
		{AF058B75-8972-42CB-B6B9-A7408C8C6760}.Release|Any CPU.ActiveCfg = Release|Any CPU
		{AF058B75-8972-42CB-B6B9-A7408C8C6760}.Release|Any CPU.Build.0 = Release|Any CPU
		{1AA1252A-DFE9-478D-92AD-F6316C0CDDD3}.Debug|Any CPU.ActiveCfg = Debug|Any CPU
		{1AA1252A-DFE9-478D-92AD-F6316C0CDDD3}.Debug|Any CPU.Build.0 = Debug|Any CPU
		{1AA1252A-DFE9-478D-92AD-F6316C0CDDD3}.Release|Any CPU.ActiveCfg = Release|Any CPU
		{1AA1252A-DFE9-478D-92AD-F6316C0CDDD3}.Release|Any CPU.Build.0 = Release|Any CPU
	EndGlobalSection
	GlobalSection(SolutionProperties) = preSolution
		HideSolutionNode = FALSE
	EndGlobalSection
	GlobalSection(ExtensibilityGlobals) = postSolution
		SolutionGuid = {C0C83BBC-34B7-4DE5-8D7B-E5AA132577A5}
	EndGlobalSection
EndGlobal
